
Microsoft Visual Studio Solution File, Format Version 12.00
# Visual Studio Version 17
VisualStudioVersion = 17.0.31903.59
MinimumVisualStudioVersion = 10.0.40219.1
Project("{2150E333-8FDC-42A3-9474-1A3956D46DE8}") = "CleanArchitecture", "CleanArchitecture", "{A4BCB43D-8D6A-4978-A2F7-D7D7EB520575}"
EndProject
Project("{2150E333-8FDC-42A3-9474-1A3956D46DE8}") = "Core", "Core", "{10EE58A6-F3CC-4648-9413-3AE2C4BBE0B6}"
EndProject
Project("{FAE04EC0-301F-11D3-BF4B-00C04F79EFBC}") = "CleanArchitecture.Domain", "CleanArchitecture\Core\CleanArchitecture.Domain\CleanArchitecture.Domain.csproj", "{E8827D07-D9B4-44EF-95D8-170BB231B549}"
EndProject
Project("{FAE04EC0-301F-11D3-BF4B-00C04F79EFBC}") = "CleanArchitecture.Aplication", "CleanArchitecture\Core\CleanArchitecture.Aplication\CleanArchitecture.Aplication.csproj", "{766F5657-CC7E-497B-8FBF-9BAD0D39762D}"
EndProject
Project("{2150E333-8FDC-42A3-9474-1A3956D46DE8}") = "Infrastructure", "Infrastructure", "{2EDDD49C-B01C-4005-BD6C-972F57D0C264}"
EndProject
Project("{FAE04EC0-301F-11D3-BF4B-00C04F79EFBC}") = "CleanArchitecture.Persistence", "CleanArchitecture\Infrastructure\CleanArchitecture.Persistence\CleanArchitecture.Persistence.csproj", "{38D17CA3-EC03-4F3C-8CB5-FF7CBD348A31}"
EndProject
Project("{2150E333-8FDC-42A3-9474-1A3956D46DE8}") = "Presentation", "Presentation", "{CB63D658-3245-440D-9860-E735BDE9BEF9}"
EndProject
Project("{FAE04EC0-301F-11D3-BF4B-00C04F79EFBC}") = "CleanArchitecture.API", "CleanArchitecture\Presentation\CleanArchitecture.API\CleanArchitecture.API.csproj", "{69ECBB8F-80BB-4862-9357-51A35C2D363E}"
EndProject
Global
	GlobalSection(SolutionConfigurationPlatforms) = preSolution
		Debug|Any CPU = Debug|Any CPU
		Release|Any CPU = Release|Any CPU
	EndGlobalSection
	GlobalSection(SolutionProperties) = preSolution
		HideSolutionNode = FALSE
	EndGlobalSection
	GlobalSection(ProjectConfigurationPlatforms) = postSolution
		{E8827D07-D9B4-44EF-95D8-170BB231B549}.Debug|Any CPU.ActiveCfg = Debug|Any CPU
		{E8827D07-D9B4-44EF-95D8-170BB231B549}.Debug|Any CPU.Build.0 = Debug|Any CPU
		{E8827D07-D9B4-44EF-95D8-170BB231B549}.Release|Any CPU.ActiveCfg = Release|Any CPU
		{E8827D07-D9B4-44EF-95D8-170BB231B549}.Release|Any CPU.Build.0 = Release|Any CPU
		{766F5657-CC7E-497B-8FBF-9BAD0D39762D}.Debug|Any CPU.ActiveCfg = Debug|Any CPU
		{766F5657-CC7E-497B-8FBF-9BAD0D39762D}.Debug|Any CPU.Build.0 = Debug|Any CPU
		{766F5657-CC7E-497B-8FBF-9BAD0D39762D}.Release|Any CPU.ActiveCfg = Release|Any CPU
		{766F5657-CC7E-497B-8FBF-9BAD0D39762D}.Release|Any CPU.Build.0 = Release|Any CPU
		{38D17CA3-EC03-4F3C-8CB5-FF7CBD348A31}.Debug|Any CPU.ActiveCfg = Debug|Any CPU
		{38D17CA3-EC03-4F3C-8CB5-FF7CBD348A31}.Debug|Any CPU.Build.0 = Debug|Any CPU
		{38D17CA3-EC03-4F3C-8CB5-FF7CBD348A31}.Release|Any CPU.ActiveCfg = Release|Any CPU
		{38D17CA3-EC03-4F3C-8CB5-FF7CBD348A31}.Release|Any CPU.Build.0 = Release|Any CPU
		{69ECBB8F-80BB-4862-9357-51A35C2D363E}.Debug|Any CPU.ActiveCfg = Debug|Any CPU
		{69ECBB8F-80BB-4862-9357-51A35C2D363E}.Debug|Any CPU.Build.0 = Debug|Any CPU
		{69ECBB8F-80BB-4862-9357-51A35C2D363E}.Release|Any CPU.ActiveCfg = Release|Any CPU
		{69ECBB8F-80BB-4862-9357-51A35C2D363E}.Release|Any CPU.Build.0 = Release|Any CPU
	EndGlobalSection
	GlobalSection(NestedProjects) = preSolution
		{10EE58A6-F3CC-4648-9413-3AE2C4BBE0B6} = {A4BCB43D-8D6A-4978-A2F7-D7D7EB520575}
		{E8827D07-D9B4-44EF-95D8-170BB231B549} = {10EE58A6-F3CC-4648-9413-3AE2C4BBE0B6}
		{766F5657-CC7E-497B-8FBF-9BAD0D39762D} = {10EE58A6-F3CC-4648-9413-3AE2C4BBE0B6}
		{2EDDD49C-B01C-4005-BD6C-972F57D0C264} = {A4BCB43D-8D6A-4978-A2F7-D7D7EB520575}
		{38D17CA3-EC03-4F3C-8CB5-FF7CBD348A31} = {2EDDD49C-B01C-4005-BD6C-972F57D0C264}
		{CB63D658-3245-440D-9860-E735BDE9BEF9} = {A4BCB43D-8D6A-4978-A2F7-D7D7EB520575}
		{69ECBB8F-80BB-4862-9357-51A35C2D363E} = {CB63D658-3245-440D-9860-E735BDE9BEF9}
	EndGlobalSection
EndGlobal
